
Microsoft Visual Studio Solution File, Format Version 11.00
# Visual Studio 2010
Project("{FAE04EC0-301F-11D3-BF4B-00C04F79EFBC}") = "C8POC", "C8POC\C8POC.csproj", "{13D18A20-EFB2-45F1-AFCE-5AB37A102E1C}"
EndProject
Project("{FAE04EC0-301F-11D3-BF4B-00C04F79EFBC}") = "C8POC.WinFormsUI", "C8POC.WinFormsUI\C8POC.WinFormsUI.csproj", "{97F1A082-9035-4501-BBE1-BCCD0B02B30B}"
EndProject
Project("{FAE04EC0-301F-11D3-BF4B-00C04F79EFBC}") = "C8POC.ConsoleUI", "C8POC.ConsoleUI\C8POC.ConsoleUI.csproj", "{8E303761-F087-435D-839C-5C304F9039BD}"
EndProject
Project("{FAE04EC0-301F-11D3-BF4B-00C04F79EFBC}") = "C8POC.Plugins.Sound.ConsoleBeep", "C8POC.Plugins.Sound.ConsoleBeep\C8POC.Plugins.Sound.ConsoleBeep.csproj", "{8D633DEB-08C0-4BF5-AD8F-D5247C0301A8}"
EndProject
Project("{FAE04EC0-301F-11D3-BF4B-00C04F79EFBC}") = "C8POC.Plugins.Graphics.GDIPlugin", "C8POC.Plugins.Graphics.GDIPlugin\C8POC.Plugins.Graphics.GDIPlugin.csproj", "{7FEF5BA1-D809-43CC-B4E1-E6FCD674D1EB}"
EndProject
Project("{FAE04EC0-301F-11D3-BF4B-00C04F79EFBC}") = "C8POC.Plugins.Keyboard.SystemWindowsKeyboardPlugin", "C8POC.Plugins.Keyboard.SystemWindowsKeyboard\C8POC.Plugins.Keyboard.SystemWindowsKeyboardPlugin.csproj", "{453CE10A-1081-4DB3-82FB-4AF70B7ECBAD}"
EndProject
Global
	GlobalSection(SolutionConfigurationPlatforms) = preSolution
		Debug|Any CPU = Debug|Any CPU
		Debug|Mixed Platforms = Debug|Mixed Platforms
		Debug|x86 = Debug|x86
		Release|Any CPU = Release|Any CPU
		Release|Mixed Platforms = Release|Mixed Platforms
		Release|x86 = Release|x86
	EndGlobalSection
	GlobalSection(ProjectConfigurationPlatforms) = postSolution
		{13D18A20-EFB2-45F1-AFCE-5AB37A102E1C}.Debug|Any CPU.ActiveCfg = Debug|Any CPU
		{13D18A20-EFB2-45F1-AFCE-5AB37A102E1C}.Debug|Any CPU.Build.0 = Debug|Any CPU
		{13D18A20-EFB2-45F1-AFCE-5AB37A102E1C}.Debug|Mixed Platforms.ActiveCfg = Debug|Any CPU
		{13D18A20-EFB2-45F1-AFCE-5AB37A102E1C}.Debug|Mixed Platforms.Build.0 = Debug|Any CPU
		{13D18A20-EFB2-45F1-AFCE-5AB37A102E1C}.Debug|x86.ActiveCfg = Debug|Any CPU
		{13D18A20-EFB2-45F1-AFCE-5AB37A102E1C}.Release|Any CPU.ActiveCfg = Release|Any CPU
		{13D18A20-EFB2-45F1-AFCE-5AB37A102E1C}.Release|Any CPU.Build.0 = Release|Any CPU
		{13D18A20-EFB2-45F1-AFCE-5AB37A102E1C}.Release|Mixed Platforms.ActiveCfg = Release|Any CPU
		{13D18A20-EFB2-45F1-AFCE-5AB37A102E1C}.Release|Mixed Platforms.Build.0 = Release|Any CPU
		{13D18A20-EFB2-45F1-AFCE-5AB37A102E1C}.Release|x86.ActiveCfg = Release|Any CPU
		{97F1A082-9035-4501-BBE1-BCCD0B02B30B}.Debug|Any CPU.ActiveCfg = Debug|x86
		{97F1A082-9035-4501-BBE1-BCCD0B02B30B}.Debug|Mixed Platforms.ActiveCfg = Debug|x86
		{97F1A082-9035-4501-BBE1-BCCD0B02B30B}.Debug|Mixed Platforms.Build.0 = Debug|x86
		{97F1A082-9035-4501-BBE1-BCCD0B02B30B}.Debug|x86.ActiveCfg = Debug|x86
		{97F1A082-9035-4501-BBE1-BCCD0B02B30B}.Debug|x86.Build.0 = Debug|x86
		{97F1A082-9035-4501-BBE1-BCCD0B02B30B}.Release|Any CPU.ActiveCfg = Release|x86
		{97F1A082-9035-4501-BBE1-BCCD0B02B30B}.Release|Mixed Platforms.ActiveCfg = Release|x86
		{97F1A082-9035-4501-BBE1-BCCD0B02B30B}.Release|Mixed Platforms.Build.0 = Release|x86
		{97F1A082-9035-4501-BBE1-BCCD0B02B30B}.Release|x86.ActiveCfg = Release|x86
		{97F1A082-9035-4501-BBE1-BCCD0B02B30B}.Release|x86.Build.0 = Release|x86
		{8E303761-F087-435D-839C-5C304F9039BD}.Debug|Any CPU.ActiveCfg = Debug|x86
		{8E303761-F087-435D-839C-5C304F9039BD}.Debug|Mixed Platforms.ActiveCfg = Debug|x86
		{8E303761-F087-435D-839C-5C304F9039BD}.Debug|Mixed Platforms.Build.0 = Debug|x86
		{8E303761-F087-435D-839C-5C304F9039BD}.Debug|x86.ActiveCfg = Debug|x86
		{8E303761-F087-435D-839C-5C304F9039BD}.Debug|x86.Build.0 = Debug|x86
		{8E303761-F087-435D-839C-5C304F9039BD}.Release|Any CPU.ActiveCfg = Release|x86
		{8E303761-F087-435D-839C-5C304F9039BD}.Release|Mixed Platforms.ActiveCfg = Release|x86
		{8E303761-F087-435D-839C-5C304F9039BD}.Release|Mixed Platforms.Build.0 = Release|x86
		{8E303761-F087-435D-839C-5C304F9039BD}.Release|x86.ActiveCfg = Release|x86
		{8E303761-F087-435D-839C-5C304F9039BD}.Release|x86.Build.0 = Release|x86
		{8D633DEB-08C0-4BF5-AD8F-D5247C0301A8}.Debug|Any CPU.ActiveCfg = Debug|Any CPU
		{8D633DEB-08C0-4BF5-AD8F-D5247C0301A8}.Debug|Any CPU.Build.0 = Debug|Any CPU
		{8D633DEB-08C0-4BF5-AD8F-D5247C0301A8}.Debug|Mixed Platforms.ActiveCfg = Debug|Any CPU
		{8D633DEB-08C0-4BF5-AD8F-D5247C0301A8}.Debug|Mixed Platforms.Build.0 = Debug|Any CPU
		{8D633DEB-08C0-4BF5-AD8F-D5247C0301A8}.Debug|x86.ActiveCfg = Debug|Any CPU
		{8D633DEB-08C0-4BF5-AD8F-D5247C0301A8}.Release|Any CPU.ActiveCfg = Release|Any CPU
		{8D633DEB-08C0-4BF5-AD8F-D5247C0301A8}.Release|Any CPU.Build.0 = Release|Any CPU
		{8D633DEB-08C0-4BF5-AD8F-D5247C0301A8}.Release|Mixed Platforms.ActiveCfg = Release|Any CPU
		{8D633DEB-08C0-4BF5-AD8F-D5247C0301A8}.Release|Mixed Platforms.Build.0 = Release|Any CPU
		{8D633DEB-08C0-4BF5-AD8F-D5247C0301A8}.Release|x86.ActiveCfg = Release|Any CPU
		{7FEF5BA1-D809-43CC-B4E1-E6FCD674D1EB}.Debug|Any CPU.ActiveCfg = Debug|Any CPU
		{7FEF5BA1-D809-43CC-B4E1-E6FCD674D1EB}.Debug|Any CPU.Build.0 = Debug|Any CPU
		{7FEF5BA1-D809-43CC-B4E1-E6FCD674D1EB}.Debug|Mixed Platforms.ActiveCfg = Debug|Any CPU
		{7FEF5BA1-D809-43CC-B4E1-E6FCD674D1EB}.Debug|Mixed Platforms.Build.0 = Debug|Any CPU
		{7FEF5BA1-D809-43CC-B4E1-E6FCD674D1EB}.Debug|x86.ActiveCfg = Debug|Any CPU
		{7FEF5BA1-D809-43CC-B4E1-E6FCD674D1EB}.Release|Any CPU.ActiveCfg = Release|Any CPU
		{7FEF5BA1-D809-43CC-B4E1-E6FCD674D1EB}.Release|Any CPU.Build.0 = Release|Any CPU
		{7FEF5BA1-D809-43CC-B4E1-E6FCD674D1EB}.Release|Mixed Platforms.ActiveCfg = Release|Any CPU
		{7FEF5BA1-D809-43CC-B4E1-E6FCD674D1EB}.Release|Mixed Platforms.Build.0 = Release|Any CPU
		{7FEF5BA1-D809-43CC-B4E1-E6FCD674D1EB}.Release|x86.ActiveCfg = Release|Any CPU
		{453CE10A-1081-4DB3-82FB-4AF70B7ECBAD}.Debug|Any CPU.ActiveCfg = Debug|Any CPU
		{453CE10A-1081-4DB3-82FB-4AF70B7ECBAD}.Debug|Any CPU.Build.0 = Debug|Any CPU
		{453CE10A-1081-4DB3-82FB-4AF70B7ECBAD}.Debug|Mixed Platforms.ActiveCfg = Debug|Any CPU
		{453CE10A-1081-4DB3-82FB-4AF70B7ECBAD}.Debug|Mixed Platforms.Build.0 = Debug|Any CPU
		{453CE10A-1081-4DB3-82FB-4AF70B7ECBAD}.Debug|x86.ActiveCfg = Debug|Any CPU
		{453CE10A-1081-4DB3-82FB-4AF70B7ECBAD}.Release|Any CPU.ActiveCfg = Release|Any CPU
		{453CE10A-1081-4DB3-82FB-4AF70B7ECBAD}.Release|Any CPU.Build.0 = Release|Any CPU
		{453CE10A-1081-4DB3-82FB-4AF70B7ECBAD}.Release|Mixed Platforms.ActiveCfg = Release|Any CPU
		{453CE10A-1081-4DB3-82FB-4AF70B7ECBAD}.Release|Mixed Platforms.Build.0 = Release|Any CPU
		{453CE10A-1081-4DB3-82FB-4AF70B7ECBAD}.Release|x86.ActiveCfg = Release|Any CPU
	EndGlobalSection
	GlobalSection(SolutionProperties) = preSolution
		HideSolutionNode = FALSE
	EndGlobalSection
EndGlobal
