
Microsoft Visual Studio Solution File, Format Version 12.00
# Visual Studio 2012
Project("{FAE04EC0-301F-11D3-BF4B-00C04F79EFBC}") = "C8POC.Core", "C8POC\C8POC.Core.csproj", "{13D18A20-EFB2-45F1-AFCE-5AB37A102E1C}"
EndProject
Project("{FAE04EC0-301F-11D3-BF4B-00C04F79EFBC}") = "C8POC.WinFormsUI", "C8POC.WinFormsUI\C8POC.WinFormsUI.csproj", "{97F1A082-9035-4501-BBE1-BCCD0B02B30B}"
EndProject
Project("{FAE04EC0-301F-11D3-BF4B-00C04F79EFBC}") = "C8POC.Plugins.Sound.ConsoleBeep", "C8POC.Plugins.Sound.ConsoleBeep\C8POC.Plugins.Sound.ConsoleBeep.csproj", "{8D633DEB-08C0-4BF5-AD8F-D5247C0301A8}"
EndProject
Project("{FAE04EC0-301F-11D3-BF4B-00C04F79EFBC}") = "C8POC.Plugins.Graphics.GDIPlugin", "C8POC.Plugins.Graphics.GDIPlugin\C8POC.Plugins.Graphics.GDIPlugin.csproj", "{7FEF5BA1-D809-43CC-B4E1-E6FCD674D1EB}"
EndProject
Project("{FAE04EC0-301F-11D3-BF4B-00C04F79EFBC}") = "C8POC.Plugins.Keyboard.SystemWindowsKeyboardPlugin", "C8POC.Plugins.Keyboard.SystemWindowsKeyboard\C8POC.Plugins.Keyboard.SystemWindowsKeyboardPlugin.csproj", "{453CE10A-1081-4DB3-82FB-4AF70B7ECBAD}"
EndProject
Project("{FAE04EC0-301F-11D3-BF4B-00C04F79EFBC}") = "C8POC.Plugins.Graphics.SDLPlugin", "C8POC.Plugins.Graphics.SDLPlugin\C8POC.Plugins.Graphics.SDLPlugin.csproj", "{23956A69-415D-4DE6-9D74-F1B950011CB4}"
EndProject
Project("{FAE04EC0-301F-11D3-BF4B-00C04F79EFBC}") = "C8POC.Plugins.Graphics.WPFPlugin", "C8POC.Plugins.Graphics.WPFPlugin\C8POC.Plugins.Graphics.WPFPlugin.csproj", "{4A605939-27CB-440B-9139-7B7493427A21}"
EndProject
Project("{FAE04EC0-301F-11D3-BF4B-00C04F79EFBC}") = "C8POC.Interfaces", "C8POC.Interfaces\C8POC.Interfaces.csproj", "{F466A5B5-172F-4AC8-8897-04E58813F510}"
EndProject
Project("{2150E333-8FDC-42A3-9474-1A3956D46DE8}") = "Solution Items", "Solution Items", "{2840FD26-9EA9-482C-88D6-7E5D0A2C91F4}"
	ProjectSection(SolutionItems) = preProject
		README.md = README.md
	EndProjectSection
EndProject
Project("{FAE04EC0-301F-11D3-BF4B-00C04F79EFBC}") = "C8POC.Core.Test", "C8POC.Core.Test\C8POC.Core.Test.csproj", "{32FF20D9-3D49-4D25-AB14-71BC84EEB802}"
EndProject
Global
	GlobalSection(SolutionConfigurationPlatforms) = preSolution
		Debug|Any CPU = Debug|Any CPU
		Debug|Mixed Platforms = Debug|Mixed Platforms
		Debug|x86 = Debug|x86
		Release|Any CPU = Release|Any CPU
		Release|Mixed Platforms = Release|Mixed Platforms
		Release|x86 = Release|x86
	EndGlobalSection
	GlobalSection(ProjectConfigurationPlatforms) = postSolution
		{13D18A20-EFB2-45F1-AFCE-5AB37A102E1C}.Debug|Any CPU.ActiveCfg = Debug|Any CPU
		{13D18A20-EFB2-45F1-AFCE-5AB37A102E1C}.Debug|Any CPU.Build.0 = Debug|Any CPU
		{13D18A20-EFB2-45F1-AFCE-5AB37A102E1C}.Debug|Mixed Platforms.ActiveCfg = Debug|Any CPU
		{13D18A20-EFB2-45F1-AFCE-5AB37A102E1C}.Debug|Mixed Platforms.Build.0 = Debug|Any CPU
		{13D18A20-EFB2-45F1-AFCE-5AB37A102E1C}.Debug|x86.ActiveCfg = Debug|Any CPU
		{13D18A20-EFB2-45F1-AFCE-5AB37A102E1C}.Release|Any CPU.ActiveCfg = Release|Any CPU
		{13D18A20-EFB2-45F1-AFCE-5AB37A102E1C}.Release|Any CPU.Build.0 = Release|Any CPU
		{13D18A20-EFB2-45F1-AFCE-5AB37A102E1C}.Release|Mixed Platforms.ActiveCfg = Release|Any CPU
		{13D18A20-EFB2-45F1-AFCE-5AB37A102E1C}.Release|Mixed Platforms.Build.0 = Release|Any CPU
		{13D18A20-EFB2-45F1-AFCE-5AB37A102E1C}.Release|x86.ActiveCfg = Release|Any CPU
		{97F1A082-9035-4501-BBE1-BCCD0B02B30B}.Debug|Any CPU.ActiveCfg = Debug|x86
		{97F1A082-9035-4501-BBE1-BCCD0B02B30B}.Debug|Mixed Platforms.ActiveCfg = Debug|x86
		{97F1A082-9035-4501-BBE1-BCCD0B02B30B}.Debug|Mixed Platforms.Build.0 = Debug|x86
		{97F1A082-9035-4501-BBE1-BCCD0B02B30B}.Debug|x86.ActiveCfg = Debug|x86
		{97F1A082-9035-4501-BBE1-BCCD0B02B30B}.Debug|x86.Build.0 = Debug|x86
		{97F1A082-9035-4501-BBE1-BCCD0B02B30B}.Release|Any CPU.ActiveCfg = Release|x86
		{97F1A082-9035-4501-BBE1-BCCD0B02B30B}.Release|Mixed Platforms.ActiveCfg = Release|x86
		{97F1A082-9035-4501-BBE1-BCCD0B02B30B}.Release|Mixed Platforms.Build.0 = Release|x86
		{97F1A082-9035-4501-BBE1-BCCD0B02B30B}.Release|x86.ActiveCfg = Release|x86
		{97F1A082-9035-4501-BBE1-BCCD0B02B30B}.Release|x86.Build.0 = Release|x86
		{8D633DEB-08C0-4BF5-AD8F-D5247C0301A8}.Debug|Any CPU.ActiveCfg = Debug|Any CPU
		{8D633DEB-08C0-4BF5-AD8F-D5247C0301A8}.Debug|Any CPU.Build.0 = Debug|Any CPU
		{8D633DEB-08C0-4BF5-AD8F-D5247C0301A8}.Debug|Mixed Platforms.ActiveCfg = Debug|Any CPU
		{8D633DEB-08C0-4BF5-AD8F-D5247C0301A8}.Debug|Mixed Platforms.Build.0 = Debug|Any CPU
		{8D633DEB-08C0-4BF5-AD8F-D5247C0301A8}.Debug|x86.ActiveCfg = Debug|Any CPU
		{8D633DEB-08C0-4BF5-AD8F-D5247C0301A8}.Release|Any CPU.ActiveCfg = Release|Any CPU
		{8D633DEB-08C0-4BF5-AD8F-D5247C0301A8}.Release|Any CPU.Build.0 = Release|Any CPU
		{8D633DEB-08C0-4BF5-AD8F-D5247C0301A8}.Release|Mixed Platforms.ActiveCfg = Release|Any CPU
		{8D633DEB-08C0-4BF5-AD8F-D5247C0301A8}.Release|Mixed Platforms.Build.0 = Release|Any CPU
		{8D633DEB-08C0-4BF5-AD8F-D5247C0301A8}.Release|x86.ActiveCfg = Release|Any CPU
		{7FEF5BA1-D809-43CC-B4E1-E6FCD674D1EB}.Debug|Any CPU.ActiveCfg = Debug|Any CPU
		{7FEF5BA1-D809-43CC-B4E1-E6FCD674D1EB}.Debug|Any CPU.Build.0 = Debug|Any CPU
		{7FEF5BA1-D809-43CC-B4E1-E6FCD674D1EB}.Debug|Mixed Platforms.ActiveCfg = Debug|Any CPU
		{7FEF5BA1-D809-43CC-B4E1-E6FCD674D1EB}.Debug|Mixed Platforms.Build.0 = Debug|Any CPU
		{7FEF5BA1-D809-43CC-B4E1-E6FCD674D1EB}.Debug|x86.ActiveCfg = Debug|Any CPU
		{7FEF5BA1-D809-43CC-B4E1-E6FCD674D1EB}.Release|Any CPU.ActiveCfg = Release|Any CPU
		{7FEF5BA1-D809-43CC-B4E1-E6FCD674D1EB}.Release|Any CPU.Build.0 = Release|Any CPU
		{7FEF5BA1-D809-43CC-B4E1-E6FCD674D1EB}.Release|Mixed Platforms.ActiveCfg = Release|Any CPU
		{7FEF5BA1-D809-43CC-B4E1-E6FCD674D1EB}.Release|Mixed Platforms.Build.0 = Release|Any CPU
		{7FEF5BA1-D809-43CC-B4E1-E6FCD674D1EB}.Release|x86.ActiveCfg = Release|Any CPU
		{453CE10A-1081-4DB3-82FB-4AF70B7ECBAD}.Debug|Any CPU.ActiveCfg = Debug|Any CPU
		{453CE10A-1081-4DB3-82FB-4AF70B7ECBAD}.Debug|Any CPU.Build.0 = Debug|Any CPU
		{453CE10A-1081-4DB3-82FB-4AF70B7ECBAD}.Debug|Mixed Platforms.ActiveCfg = Debug|Any CPU
		{453CE10A-1081-4DB3-82FB-4AF70B7ECBAD}.Debug|Mixed Platforms.Build.0 = Debug|Any CPU
		{453CE10A-1081-4DB3-82FB-4AF70B7ECBAD}.Debug|x86.ActiveCfg = Debug|Any CPU
		{453CE10A-1081-4DB3-82FB-4AF70B7ECBAD}.Release|Any CPU.ActiveCfg = Release|Any CPU
		{453CE10A-1081-4DB3-82FB-4AF70B7ECBAD}.Release|Any CPU.Build.0 = Release|Any CPU
		{453CE10A-1081-4DB3-82FB-4AF70B7ECBAD}.Release|Mixed Platforms.ActiveCfg = Release|Any CPU
		{453CE10A-1081-4DB3-82FB-4AF70B7ECBAD}.Release|Mixed Platforms.Build.0 = Release|Any CPU
		{453CE10A-1081-4DB3-82FB-4AF70B7ECBAD}.Release|x86.ActiveCfg = Release|Any CPU
		{23956A69-415D-4DE6-9D74-F1B950011CB4}.Debug|Any CPU.ActiveCfg = Debug|Any CPU
		{23956A69-415D-4DE6-9D74-F1B950011CB4}.Debug|Any CPU.Build.0 = Debug|Any CPU
		{23956A69-415D-4DE6-9D74-F1B950011CB4}.Debug|Mixed Platforms.ActiveCfg = Debug|Any CPU
		{23956A69-415D-4DE6-9D74-F1B950011CB4}.Debug|Mixed Platforms.Build.0 = Debug|Any CPU
		{23956A69-415D-4DE6-9D74-F1B950011CB4}.Debug|x86.ActiveCfg = Debug|Any CPU
		{23956A69-415D-4DE6-9D74-F1B950011CB4}.Release|Any CPU.ActiveCfg = Release|Any CPU
		{23956A69-415D-4DE6-9D74-F1B950011CB4}.Release|Any CPU.Build.0 = Release|Any CPU
		{23956A69-415D-4DE6-9D74-F1B950011CB4}.Release|Mixed Platforms.ActiveCfg = Release|Any CPU
		{23956A69-415D-4DE6-9D74-F1B950011CB4}.Release|Mixed Platforms.Build.0 = Release|Any CPU
		{23956A69-415D-4DE6-9D74-F1B950011CB4}.Release|x86.ActiveCfg = Release|Any CPU
		{4A605939-27CB-440B-9139-7B7493427A21}.Debug|Any CPU.ActiveCfg = Debug|x86
		{4A605939-27CB-440B-9139-7B7493427A21}.Debug|Mixed Platforms.ActiveCfg = Debug|x86
		{4A605939-27CB-440B-9139-7B7493427A21}.Debug|Mixed Platforms.Build.0 = Debug|x86
		{4A605939-27CB-440B-9139-7B7493427A21}.Debug|x86.ActiveCfg = Debug|x86
		{4A605939-27CB-440B-9139-7B7493427A21}.Debug|x86.Build.0 = Debug|x86
		{4A605939-27CB-440B-9139-7B7493427A21}.Release|Any CPU.ActiveCfg = Release|x86
		{4A605939-27CB-440B-9139-7B7493427A21}.Release|Mixed Platforms.ActiveCfg = Release|x86
		{4A605939-27CB-440B-9139-7B7493427A21}.Release|Mixed Platforms.Build.0 = Release|x86
		{4A605939-27CB-440B-9139-7B7493427A21}.Release|x86.ActiveCfg = Release|x86
		{4A605939-27CB-440B-9139-7B7493427A21}.Release|x86.Build.0 = Release|x86
		{F466A5B5-172F-4AC8-8897-04E58813F510}.Debug|Any CPU.ActiveCfg = Debug|Any CPU
		{F466A5B5-172F-4AC8-8897-04E58813F510}.Debug|Any CPU.Build.0 = Debug|Any CPU
		{F466A5B5-172F-4AC8-8897-04E58813F510}.Debug|Mixed Platforms.ActiveCfg = Debug|Any CPU
		{F466A5B5-172F-4AC8-8897-04E58813F510}.Debug|Mixed Platforms.Build.0 = Debug|Any CPU
		{F466A5B5-172F-4AC8-8897-04E58813F510}.Debug|x86.ActiveCfg = Debug|Any CPU
		{F466A5B5-172F-4AC8-8897-04E58813F510}.Release|Any CPU.ActiveCfg = Release|Any CPU
		{F466A5B5-172F-4AC8-8897-04E58813F510}.Release|Any CPU.Build.0 = Release|Any CPU
		{F466A5B5-172F-4AC8-8897-04E58813F510}.Release|Mixed Platforms.ActiveCfg = Release|Any CPU
		{F466A5B5-172F-4AC8-8897-04E58813F510}.Release|Mixed Platforms.Build.0 = Release|Any CPU
		{F466A5B5-172F-4AC8-8897-04E58813F510}.Release|x86.ActiveCfg = Release|Any CPU
		{32FF20D9-3D49-4D25-AB14-71BC84EEB802}.Debug|Any CPU.ActiveCfg = Debug|Any CPU
		{32FF20D9-3D49-4D25-AB14-71BC84EEB802}.Debug|Any CPU.Build.0 = Debug|Any CPU
		{32FF20D9-3D49-4D25-AB14-71BC84EEB802}.Debug|Mixed Platforms.ActiveCfg = Debug|Any CPU
		{32FF20D9-3D49-4D25-AB14-71BC84EEB802}.Debug|Mixed Platforms.Build.0 = Debug|Any CPU
		{32FF20D9-3D49-4D25-AB14-71BC84EEB802}.Debug|x86.ActiveCfg = Debug|Any CPU
		{32FF20D9-3D49-4D25-AB14-71BC84EEB802}.Release|Any CPU.ActiveCfg = Release|Any CPU
		{32FF20D9-3D49-4D25-AB14-71BC84EEB802}.Release|Any CPU.Build.0 = Release|Any CPU
		{32FF20D9-3D49-4D25-AB14-71BC84EEB802}.Release|Mixed Platforms.ActiveCfg = Release|Any CPU
		{32FF20D9-3D49-4D25-AB14-71BC84EEB802}.Release|Mixed Platforms.Build.0 = Release|Any CPU
		{32FF20D9-3D49-4D25-AB14-71BC84EEB802}.Release|x86.ActiveCfg = Release|Any CPU
	EndGlobalSection
	GlobalSection(SolutionProperties) = preSolution
		HideSolutionNode = FALSE
	EndGlobalSection
EndGlobal
