
Microsoft Visual Studio Solution File, Format Version 12.00
# Visual Studio Express 2012 for Web
Project("{FAE04EC0-301F-11D3-BF4B-00C04F79EFBC}") = "C8POC", "C8POC.WEB\C8POC.csproj", "{9674211D-D6A0-4BF5-B5F2-78B8F653341F}"
EndProject
Project("{FAE04EC0-301F-11D3-BF4B-00C04F79EFBC}") = "C8POC.Tests", "C8POC.WEB.Tests\C8POC.Tests.csproj", "{77D3894D-C7DE-4E16-AB7F-5F891D94E213}"
EndProject
Global
	GlobalSection(SolutionConfigurationPlatforms) = preSolution
		Debug|Any CPU = Debug|Any CPU
		Release|Any CPU = Release|Any CPU
	EndGlobalSection
	GlobalSection(ProjectConfigurationPlatforms) = postSolution
		{9674211D-D6A0-4BF5-B5F2-78B8F653341F}.Debug|Any CPU.ActiveCfg = Debug|Any CPU
		{9674211D-D6A0-4BF5-B5F2-78B8F653341F}.Debug|Any CPU.Build.0 = Debug|Any CPU
		{9674211D-D6A0-4BF5-B5F2-78B8F653341F}.Release|Any CPU.ActiveCfg = Release|Any CPU
		{9674211D-D6A0-4BF5-B5F2-78B8F653341F}.Release|Any CPU.Build.0 = Release|Any CPU
		{77D3894D-C7DE-4E16-AB7F-5F891D94E213}.Debug|Any CPU.ActiveCfg = Debug|Any CPU
		{77D3894D-C7DE-4E16-AB7F-5F891D94E213}.Debug|Any CPU.Build.0 = Debug|Any CPU
		{77D3894D-C7DE-4E16-AB7F-5F891D94E213}.Release|Any CPU.ActiveCfg = Release|Any CPU
		{77D3894D-C7DE-4E16-AB7F-5F891D94E213}.Release|Any CPU.Build.0 = Release|Any CPU
	EndGlobalSection
	GlobalSection(SolutionProperties) = preSolution
		HideSolutionNode = FALSE
	EndGlobalSection
EndGlobal
